
Microsoft Visual Studio Solution File, Format Version 12.00
# Visual Studio Version 17
VisualStudioVersion = 17.7.34031.279
MinimumVisualStudioVersion = 10.0.40219.1
Project("{FAE04EC0-301F-11D3-BF4B-00C04F79EFBC}") = "CakeBuild", "CakeBuild\CakeBuild.csproj", "{07BAF619-92F0-4703-A14A-1BBE201C7238}"
EndProject
Project("{FAE04EC0-301F-11D3-BF4B-00C04F79EFBC}") = "storagecontroller", "StorageController\storagecontroller.csproj", "{E072DB09-FD02-46B2-A7A2-C83C3154DECF}"
EndProject
Global
	GlobalSection(SolutionConfigurationPlatforms) = preSolution
		Debug|Any CPU = Debug|Any CPU
		Release|Any CPU = Release|Any CPU
	EndGlobalSection
	GlobalSection(ProjectConfigurationPlatforms) = postSolution
		{07BAF619-92F0-4703-A14A-1BBE201C7238}.Debug|Any CPU.ActiveCfg = Debug|Any CPU
		{07BAF619-92F0-4703-A14A-1BBE201C7238}.Debug|Any CPU.Build.0 = Debug|Any CPU
		{07BAF619-92F0-4703-A14A-1BBE201C7238}.Release|Any CPU.ActiveCfg = Release|Any CPU
		{07BAF619-92F0-4703-A14A-1BBE201C7238}.Release|Any CPU.Build.0 = Release|Any CPU
		{E072DB09-FD02-46B2-A7A2-C83C3154DECF}.Debug|Any CPU.ActiveCfg = Debug|Any CPU
		{E072DB09-FD02-46B2-A7A2-C83C3154DECF}.Debug|Any CPU.Build.0 = Debug|Any CPU
		{E072DB09-FD02-46B2-A7A2-C83C3154DECF}.Release|Any CPU.ActiveCfg = Release|Any CPU
		{E072DB09-FD02-46B2-A7A2-C83C3154DECF}.Release|Any CPU.Build.0 = Release|Any CPU
	EndGlobalSection
	GlobalSection(SolutionProperties) = preSolution
		HideSolutionNode = FALSE
	EndGlobalSection
	GlobalSection(ExtensibilityGlobals) = postSolution
		SolutionGuid = {1BAC32A4-54B8-4C72-BF86-9A3D473DBB60}
	EndGlobalSection
EndGlobal
